github.com/gorilla/websocket v1.4.1 h1:q7AeDBpnBk8AogcD4DSag/Ukw/KV+YhzLj2bP5HvKCM=
github.com/gorilla/websocket v1.4.1/go.mod h1:YR8l580nyteQvAITg2hZ9XVh4b55+EU/adAjf1fMHhE=
github.com/kwf2030/cdp v1.1.1 h1:R4cMWzFo1sXmxptCYTOYsD2r66eKoYf8F637RvcFmO4=
github.com/kwf2030/cdp v1.1.1/go.mod h1:xnp+Yb9H09HY6l7IA9Xrq3CfpE+1J1HnKZQg8UZwpOA=
github.com/kwf2030/commons v1.1.0 h1:k/68/cACXotkAVL6AULTPogCzA2zdTzDnv2ejlvBPPs=
github.com/kwf2030/commons v1.1.0/go.mod h1:yFGzJxUs9MNDzpKIWrvb8HIgtZzj87klI8XcDIyzoWw=
gopkg.in/check.v1 v0.0.0-20161208181325-20d25e280405 h1:yhCVgyC4o1eVCa2tZl7eS0r+SDo693bJlVdllGtEeKM=
gopkg.in/check.v1 v0.0.0-20161208181325-20d25e280405/go.mod h1:Co6ibVJAznAaIkqp8huTwlJQCZ016jof/cbN4VW5Yz0=
gopkg.in/yaml.v2 v2.2.4 h1:/eiJrUcujPVeJ3xlSWaiNi3uSVmDGBK1pDHUHAnao1I=
gopkg.in/yaml.v2 v2.2.4/go.mod h1:hI93XBmqTisBFMUTm0b8Fm+jr3Dg1NNxqwp+5A1VGuI=
